
Microsoft Visual Studio Solution File, Format Version 12.00
# Visual Studio 15
Project("{FAE04EC0-301F-11D3-BF4B-00C04F79EFBC}") = "Assembly-CSharp", "Assembly-CSharp.csproj", "{78F9EE95-B0B1-CD99-2B68-CA68EA0BCAC1}"
EndProject
Global
	GlobalSection(SolutionConfigurationPlatforms) = preSolution
		Debug|Any CPU = Debug|Any CPU
		Release|Any CPU = Release|Any CPU
	EndGlobalSection
	GlobalSection(ProjectConfigurationPlatforms) = postSolution
		{78F9EE95-B0B1-CD99-2B68-CA68EA0BCAC1}.Debug|Any CPU.ActiveCfg = Debug|Any CPU
		{78F9EE95-B0B1-CD99-2B68-CA68EA0BCAC1}.Debug|Any CPU.Build.0 = Debug|Any CPU
		{78F9EE95-B0B1-CD99-2B68-CA68EA0BCAC1}.Release|Any CPU.ActiveCfg = Release|Any CPU
		{78F9EE95-B0B1-CD99-2B68-CA68EA0BCAC1}.Release|Any CPU.Build.0 = Release|Any CPU
	EndGlobalSection
	GlobalSection(SolutionProperties) = preSolution
		HideSolutionNode = FALSE
	EndGlobalSection
EndGlobal
